<?xml version="1.0" encoding="utf-8"?>
<Project ToolsVersion="4.0" xmlns="http://schemas.microsoft.com/developer/msbuild/2003">
  <ItemGroup>
    <Filter Include="소스 파일">
      <UniqueIdentifier>{4FC737F1-C7A5-4376-A066-2A32D752A2FF}</UniqueIdentifier>
      <Extensions>cpp;c;cc;cxx;c++;cppm;ixx;def;odl;idl;hpj;bat;asm;asmx</Extensions>
    </Filter>
    <Filter Include="헤더 파일">
      <UniqueIdentifier>{93995380-89BD-4b04-88EB-625FBE52EBFB}</UniqueIdentifier>
      <Extensions>h;hh;hpp;hxx;h++;hm;inl;inc;ipp;xsd</Extensions>
    </Filter>
    <Filter Include="리소스 파일">
      <UniqueIdentifier>{67DA6AB6-F800-4c08-8B7A-83BB121AAD01}</UniqueIdentifier>
      <Extensions>rc;ico;cur;bmp;dlg;rc2;rct;bin;rgs;gif;jpg;jpeg;jpe;resx;tiff;tif;png;wav;mfcribbon-ms</Extensions>
    </Filter>
    <Filter Include="DemoProcess">
      <UniqueIdentifier>{94a91ec2-f68e-4b87-9574-d7cc651668c4}</UniqueIdentifier>
    </Filter>
    <Filter Include="Utils">
      <UniqueIdentifier>{25b4b609-eeb2-46d6-b59a-21523e4f2122}</UniqueIdentifier>
    </Filter>
    <Filter Include="Utils\File">
      <UniqueIdentifier>{f8529caf-6148-4f90-8e5a-fcc90fc2731d}</UniqueIdentifier>
    </Filter>
    <Filter Include="Utils\String">
      <UniqueIdentifier>{87215a1b-b5ad-42a2-99bb-16dade67e268}</UniqueIdentifier>
    </Filter>
    <Filter Include="Utils\Lua">
      <UniqueIdentifier>{3d08405a-03f3-4e0b-8a19-33c0df552d56}</UniqueIdentifier>
    </Filter>
  </ItemGroup>
  <ItemGroup>
    <ClInclude Include="framework.h">
      <Filter>헤더 파일</Filter>
    </ClInclude>
    <ClInclude Include="targetver.h">
      <Filter>헤더 파일</Filter>
    </ClInclude>
    <ClInclude Include="Resource.h">
      <Filter>헤더 파일</Filter>
    </ClInclude>
    <ClInclude Include="IdealGraphicsDemo.h">
      <Filter>헤더 파일</Filter>
    </ClInclude>
    <ClInclude Include="DemoProcess.h">
      <Filter>헤더 파일</Filter>
    </ClInclude>
    <ClInclude Include="MemoryFileStream.h">
      <Filter>Utils\File</Filter>
    </ClInclude>
    <ClInclude Include="SecureCodec.h">
      <Filter>Utils\File</Filter>
    </ClInclude>
    <ClInclude Include="FileStorage.h">
      <Filter>Utils\File</Filter>
    </ClInclude>
    <ClInclude Include="stringUtil.h">
      <Filter>Utils\String</Filter>
    </ClInclude>
    <ClInclude Include="lz4hc.h">
      <Filter>Utils\File</Filter>
    </ClInclude>
    <ClInclude Include="lz4.h">
      <Filter>Utils\File</Filter>
    </ClInclude>
  </ItemGroup>
  <ItemGroup>
    <ClCompile Include="IdealGraphicsDemo.cpp">
      <Filter>소스 파일</Filter>
    </ClCompile>
    <ClCompile Include="DemoProcess.cpp">
      <Filter>소스 파일</Filter>
    </ClCompile>
    <ClCompile Include="main.cpp">
      <Filter>Utils\File</Filter>
    </ClCompile>
    <ClCompile Include="MemoryFileStream.cpp">
      <Filter>Utils\File</Filter>
    </ClCompile>
    <ClCompile Include="SecureCodec.cpp">
      <Filter>Utils\File</Filter>
    </ClCompile>
    <ClCompile Include="FileStorage.cpp">
      <Filter>Utils\File</Filter>
    </ClCompile>
    <ClCompile Include="lz4.c">
      <Filter>Utils\File</Filter>
    </ClCompile>
    <ClCompile Include="lz4hc.c">
      <Filter>Utils\File</Filter>
    </ClCompile>
  </ItemGroup>
  <ItemGroup>
    <ResourceCompile Include="IdealGraphicsDemo.rc">
      <Filter>리소스 파일</Filter>
    </ResourceCompile>
  </ItemGroup>
  <ItemGroup>
    <Image Include="small.ico">
      <Filter>리소스 파일</Filter>
    </Image>
    <Image Include="IdealGraphicsDemo.ico">
      <Filter>리소스 파일</Filter>
    </Image>
  </ItemGroup>
</Project>