
Microsoft Visual Studio Solution File, Format Version 12.00
# Visual Studio Version 17
VisualStudioVersion = 17.13.35825.156
MinimumVisualStudioVersion = 10.0.40219.1
Project("{8BC9CEB8-8B4A-11D0-8D11-00A0C91BC942}") = "IdealGraphics", "IdealGraphics\IdealGraphics.vcxproj", "{95903C75-25D4-40D3-BD79-506A6D015824}"
EndProject
Project("{8BC9CEB8-8B4A-11D0-8D11-00A0C91BC942}") = "IdealGraphicsDemo", "IdealGraphicsDemo\IdealGraphicsDemo.vcxproj", "{D236DDCA-6FA2-4F80-9F55-26A8E992034F}"
	ProjectSection(ProjectDependencies) = postProject
		{410272FD-9BD5-42AB-93AB-34D974F1FA61} = {410272FD-9BD5-42AB-93AB-34D974F1FA61}
		{95903C75-25D4-40D3-BD79-506A6D015824} = {95903C75-25D4-40D3-BD79-506A6D015824}
	EndProjectSection
EndProject
Project("{8BC9CEB8-8B4A-11D0-8D11-00A0C91BC942}") = "Shader", "Shader\Shader.vcxproj", "{410272FD-9BD5-42AB-93AB-34D974F1FA61}"
EndProject
Project("{8BC9CEB8-8B4A-11D0-8D11-00A0C91BC942}") = "MeshExpoter", "MeshExpoter\MeshExpoter.vcxproj", "{BE5E2FB4-0D06-4569-B3B6-1C5D2E554383}"
EndProject
Global
	GlobalSection(SolutionConfigurationPlatforms) = preSolution
		Debug|x64 = Debug|x64
		Debug|x86 = Debug|x86
		Release|x64 = Release|x64
		Release|x86 = Release|x86
	EndGlobalSection
	GlobalSection(ProjectConfigurationPlatforms) = postSolution
		{95903C75-25D4-40D3-BD79-506A6D015824}.Debug|x64.ActiveCfg = Debug|x64
		{95903C75-25D4-40D3-BD79-506A6D015824}.Debug|x64.Build.0 = Debug|x64
		{95903C75-25D4-40D3-BD79-506A6D015824}.Debug|x86.ActiveCfg = Debug|Win32
		{95903C75-25D4-40D3-BD79-506A6D015824}.Debug|x86.Build.0 = Debug|Win32
		{95903C75-25D4-40D3-BD79-506A6D015824}.Release|x64.ActiveCfg = Release|x64
		{95903C75-25D4-40D3-BD79-506A6D015824}.Release|x64.Build.0 = Release|x64
		{95903C75-25D4-40D3-BD79-506A6D015824}.Release|x86.ActiveCfg = Release|Win32
		{95903C75-25D4-40D3-BD79-506A6D015824}.Release|x86.Build.0 = Release|Win32
		{D236DDCA-6FA2-4F80-9F55-26A8E992034F}.Debug|x64.ActiveCfg = Debug|x64
		{D236DDCA-6FA2-4F80-9F55-26A8E992034F}.Debug|x64.Build.0 = Debug|x64
		{D236DDCA-6FA2-4F80-9F55-26A8E992034F}.Debug|x86.ActiveCfg = Debug|Win32
		{D236DDCA-6FA2-4F80-9F55-26A8E992034F}.Debug|x86.Build.0 = Debug|Win32
		{D236DDCA-6FA2-4F80-9F55-26A8E992034F}.Release|x64.ActiveCfg = Release|x64
		{D236DDCA-6FA2-4F80-9F55-26A8E992034F}.Release|x64.Build.0 = Release|x64
		{D236DDCA-6FA2-4F80-9F55-26A8E992034F}.Release|x86.ActiveCfg = Release|Win32
		{D236DDCA-6FA2-4F80-9F55-26A8E992034F}.Release|x86.Build.0 = Release|Win32
		{410272FD-9BD5-42AB-93AB-34D974F1FA61}.Debug|x64.ActiveCfg = Debug|x64
		{410272FD-9BD5-42AB-93AB-34D974F1FA61}.Debug|x64.Build.0 = Debug|x64
		{410272FD-9BD5-42AB-93AB-34D974F1FA61}.Debug|x86.ActiveCfg = Debug|Win32
		{410272FD-9BD5-42AB-93AB-34D974F1FA61}.Debug|x86.Build.0 = Debug|Win32
		{410272FD-9BD5-42AB-93AB-34D974F1FA61}.Release|x64.ActiveCfg = Release|x64
		{410272FD-9BD5-42AB-93AB-34D974F1FA61}.Release|x64.Build.0 = Release|x64
		{410272FD-9BD5-42AB-93AB-34D974F1FA61}.Release|x86.ActiveCfg = Release|Win32
		{410272FD-9BD5-42AB-93AB-34D974F1FA61}.Release|x86.Build.0 = Release|Win32
		{BE5E2FB4-0D06-4569-B3B6-1C5D2E554383}.Debug|x64.ActiveCfg = Debug|x64
		{BE5E2FB4-0D06-4569-B3B6-1C5D2E554383}.Debug|x64.Build.0 = Debug|x64
		{BE5E2FB4-0D06-4569-B3B6-1C5D2E554383}.Debug|x86.ActiveCfg = Debug|Win32
		{BE5E2FB4-0D06-4569-B3B6-1C5D2E554383}.Debug|x86.Build.0 = Debug|Win32
		{BE5E2FB4-0D06-4569-B3B6-1C5D2E554383}.Release|x64.ActiveCfg = Release|x64
		{BE5E2FB4-0D06-4569-B3B6-1C5D2E554383}.Release|x64.Build.0 = Release|x64
		{BE5E2FB4-0D06-4569-B3B6-1C5D2E554383}.Release|x86.ActiveCfg = Release|Win32
		{BE5E2FB4-0D06-4569-B3B6-1C5D2E554383}.Release|x86.Build.0 = Release|Win32
	EndGlobalSection
	GlobalSection(SolutionProperties) = preSolution
		HideSolutionNode = FALSE
	EndGlobalSection
	GlobalSection(ExtensibilityGlobals) = postSolution
		SolutionGuid = {598C7E10-BCEC-42DF-8574-13F0A612C1A7}
	EndGlobalSection
EndGlobal
