<?xml version="1.0" encoding="utf-8"?>
<Project ToolsVersion="4.0" xmlns="http://schemas.microsoft.com/developer/msbuild/2003">
  <ItemGroup>
    <Filter Include="Geometry">
      <UniqueIdentifier>{efac2095-5352-4e31-ab4e-831e07ba9120}</UniqueIdentifier>
    </Filter>
    <Filter Include="Vertex">
      <UniqueIdentifier>{1db474bc-c921-464b-8fb0-c6249cac052f}</UniqueIdentifier>
    </Filter>
    <Filter Include="main">
      <UniqueIdentifier>{72fec7cd-ce18-4990-b206-fcd69e3ddf05}</UniqueIdentifier>
    </Filter>
  </ItemGroup>
  <ItemGroup>
    <ClCompile Include="..\IdealGraphics\Vertex.cpp">
      <Filter>Vertex</Filter>
    </ClCompile>
    <ClCompile Include="main.cpp">
      <Filter>main</Filter>
    </ClCompile>
  </ItemGroup>
  <ItemGroup>
    <ClInclude Include="..\IdealGraphics\Vertex.h">
      <Filter>Vertex</Filter>
    </ClInclude>
    <ClInclude Include="Geometry.h">
      <Filter>Geometry</Filter>
    </ClInclude>
  </ItemGroup>
</Project>