<?xml version="1.0" encoding="utf-8"?>
<Project ToolsVersion="4.0" xmlns="http://schemas.microsoft.com/developer/msbuild/2003">
  <ItemGroup>
    <Filter Include="EntryPoint">
      <UniqueIdentifier>{34065c40-d036-4ee6-b1aa-abee705b2553}</UniqueIdentifier>
    </Filter>
    <Filter Include="Interface">
      <UniqueIdentifier>{d5fef93e-c1ce-4121-852f-05900d11d691}</UniqueIdentifier>
    </Filter>
    <Filter Include="Renderer">
      <UniqueIdentifier>{92b96e14-591c-457d-bd23-10f997f26535}</UniqueIdentifier>
    </Filter>
    <Filter Include="Vertex">
      <UniqueIdentifier>{e7c8fdb1-59b3-4550-9a71-10ef7884be64}</UniqueIdentifier>
    </Filter>
    <Filter Include="Allocator">
      <UniqueIdentifier>{25fbbf43-6b31-4f53-9ce2-1926fb340d60}</UniqueIdentifier>
    </Filter>
    <Filter Include="Camera">
      <UniqueIdentifier>{fd9057af-1cd4-43db-8e73-509af45b75ca}</UniqueIdentifier>
    </Filter>
    <Filter Include="Color">
      <UniqueIdentifier>{448c7d7a-6199-4d5a-9082-64d04e63bf77}</UniqueIdentifier>
    </Filter>
    <Filter Include="Material">
      <UniqueIdentifier>{03621efc-e3f4-461b-b661-26697d569dd4}</UniqueIdentifier>
    </Filter>
    <Filter Include="CustomBuffer">
      <UniqueIdentifier>{798c9e13-0c27-4c99-ab64-b2ffef32d0f9}</UniqueIdentifier>
    </Filter>
  </ItemGroup>
  <ItemGroup>
    <ClInclude Include="framework.h">
      <Filter>EntryPoint</Filter>
    </ClInclude>
    <ClInclude Include="pch.h">
      <Filter>EntryPoint</Filter>
    </ClInclude>
    <ClInclude Include="IRenderer.h">
      <Filter>Interface</Filter>
    </ClInclude>
    <ClInclude Include="D3D11Renderer.h">
      <Filter>Renderer</Filter>
    </ClInclude>
    <ClInclude Include="IdealError.h">
      <Filter>Interface</Filter>
    </ClInclude>
    <ClInclude Include="Vertex.h">
      <Filter>Vertex</Filter>
    </ClInclude>
    <ClInclude Include="RenameType.h">
      <Filter>Allocator</Filter>
    </ClInclude>
    <ClInclude Include="Camera.h">
      <Filter>Camera</Filter>
    </ClInclude>
    <ClInclude Include="Color.h">
      <Filter>Color</Filter>
    </ClInclude>
    <ClInclude Include="ICamera.h">
      <Filter>Interface</Filter>
    </ClInclude>
    <ClInclude Include="Material.h">
      <Filter>Material</Filter>
    </ClInclude>
    <ClInclude Include="CustomBuffer.h">
      <Filter>CustomBuffer</Filter>
    </ClInclude>
  </ItemGroup>
  <ItemGroup>
    <ClCompile Include="dllmain.cpp">
      <Filter>EntryPoint</Filter>
    </ClCompile>
    <ClCompile Include="pch.cpp">
      <Filter>EntryPoint</Filter>
    </ClCompile>
    <ClCompile Include="IRenderer.cpp">
      <Filter>Interface</Filter>
    </ClCompile>
    <ClCompile Include="D3D11Renderer.cpp">
      <Filter>Renderer</Filter>
    </ClCompile>
    <ClCompile Include="Camera.cpp">
      <Filter>Camera</Filter>
    </ClCompile>
    <ClCompile Include="Vertex.cpp">
      <Filter>Vertex</Filter>
    </ClCompile>
  </ItemGroup>
</Project>