<?xml version="1.0" encoding="utf-8"?>
<Project ToolsVersion="4.0" xmlns="http://schemas.microsoft.com/developer/msbuild/2003">
  <ItemGroup>
    <Filter Include="EntryPoint">
      <UniqueIdentifier>{34065c40-d036-4ee6-b1aa-abee705b2553}</UniqueIdentifier>
    </Filter>
    <Filter Include="Interface">
      <UniqueIdentifier>{d5fef93e-c1ce-4121-852f-05900d11d691}</UniqueIdentifier>
    </Filter>
    <Filter Include="Renderer">
      <UniqueIdentifier>{92b96e14-591c-457d-bd23-10f997f26535}</UniqueIdentifier>
    </Filter>
    <Filter Include="Vertex">
      <UniqueIdentifier>{e7c8fdb1-59b3-4550-9a71-10ef7884be64}</UniqueIdentifier>
    </Filter>
    <Filter Include="Geometry">
      <UniqueIdentifier>{357b305f-9b53-4636-b847-5c3a87b4707b}</UniqueIdentifier>
    </Filter>
    <Filter Include="Allocator">
      <UniqueIdentifier>{25fbbf43-6b31-4f53-9ce2-1926fb340d60}</UniqueIdentifier>
    </Filter>
    <Filter Include="Camera">
      <UniqueIdentifier>{fd9057af-1cd4-43db-8e73-509af45b75ca}</UniqueIdentifier>
    </Filter>
    <Filter Include="SimpleMath">
      <UniqueIdentifier>{6fcb4596-0ede-4666-90af-5573d5889a89}</UniqueIdentifier>
    </Filter>
    <Filter Include="customMap">
      <UniqueIdentifier>{dceb4fd9-3a31-4963-b436-9493a88de712}</UniqueIdentifier>
    </Filter>
  </ItemGroup>
  <ItemGroup>
    <ClInclude Include="framework.h">
      <Filter>EntryPoint</Filter>
    </ClInclude>
    <ClInclude Include="pch.h">
      <Filter>EntryPoint</Filter>
    </ClInclude>
    <ClInclude Include="IRenderer.h">
      <Filter>Interface</Filter>
    </ClInclude>
    <ClInclude Include="D3D11Renderer.h">
      <Filter>Renderer</Filter>
    </ClInclude>
    <ClInclude Include="IdealError.h">
      <Filter>Interface</Filter>
    </ClInclude>
    <ClInclude Include="Vertex.h">
      <Filter>Vertex</Filter>
    </ClInclude>
    <ClInclude Include="Geometry.h">
      <Filter>Geometry</Filter>
    </ClInclude>
    <ClInclude Include="RenameType.h">
      <Filter>Allocator</Filter>
    </ClInclude>
    <ClInclude Include="Camera.h">
      <Filter>Camera</Filter>
    </ClInclude>
  </ItemGroup>
  <ItemGroup>
    <ClCompile Include="dllmain.cpp">
      <Filter>EntryPoint</Filter>
    </ClCompile>
    <ClCompile Include="pch.cpp">
      <Filter>EntryPoint</Filter>
    </ClCompile>
    <ClCompile Include="IRenderer.cpp">
      <Filter>Interface</Filter>
    </ClCompile>
    <ClCompile Include="D3D11Renderer.cpp">
      <Filter>Renderer</Filter>
    </ClCompile>
    <ClCompile Include="Camera.cpp">
      <Filter>Camera</Filter>
    </ClCompile>
    <ClCompile Include="Vertex.cpp">
      <Filter>Vertex</Filter>
    </ClCompile>
  </ItemGroup>
</Project>